// !$*UTF8*$!
{
	archiveVersion = 1;
	classes = {
	};
	objectVersion = 110;
	objects = {

/* Begin PBXBuildFile section */
		E7AFE85630605B4F00E44390 /* AppDelegate.swift in Sources */ = {isa = PBXBuildFile; fileRef = E7AFE85530605B4F00E44390 /* AppDelegate.swift */; };
		E7AFE85A30605B4F00E44390 /* Main.html in Resources */ = {isa = PBXBuildFile; fileRef = E7AFE85830605B4F00E44390 /* Main.html */; };
		E7AFE85C30605B4F00E44390 /* Icon.png in Resources */ = {isa = PBXBuildFile; fileRef = E7AFE85B30605B4F00E44390 /* Icon.png */; };
		E7AFE85E30605B4F00E44390 /* Style.css in Resources */ = {isa = PBXBuildFile; fileRef = E7AFE85D30605B4F00E44390 /* Style.css */; };
		E7AFE86030605B4F00E44390 /* Script.js in Resources */ = {isa = PBXBuildFile; fileRef = E7AFE85F30605B4F00E44390 /* Script.js */; };
		E7AFE86230605B4F00E44390 /* ViewController.swift in Sources */ = {isa = PBXBuildFile; fileRef = E7AFE86130605B4F00E44390 /* ViewController.swift */; };
		E7AFE86530605B4F00E44390 /* Main.storyboard in Resources */ = {isa = PBXBuildFile; fileRef = E7AFE86330605B4F00E44390 /* Main.storyboard */; };
		E7AFE86730605B5000E44390 /* Assets.xcassets in Resources */ = {isa = PBXBuildFile; fileRef = E7AFE86630605B5000E44390 /* Assets.xcassets */; };
		E7AFE86E30605B5000E44390 /* Browser Dark Mode Extension.appex in Embed Foundation Extensions */ = {isa = PBXBuildFile; fileRef = E7AFE86D30605B5000E44390 /* Browser Dark Mode Extension.appex */; settings = {ATTRIBUTES = (RemoveHeadersOnCopy, ); }; };
		E7AFE87330605B5000E44390 /* SafariWebExtensionHandler.swift in Sources */ = {isa = PBXBuildFile; fileRef = E7AFE87230605B5000E44390 /* SafariWebExtensionHandler.swift */; };
		E7AFE88930605B5100E44390 /* proxy.js in Resources */ = {isa = PBXBuildFile; fileRef = E7AFE87F30605B5100E44390 /* proxy.js */; };
		E7AFE88A30605B5100E44390 /* popup in Resources */ = {isa = PBXBuildFile; fileRef = E7AFE88030605B5100E44390 /* popup */; };
		E7AFE88B30605B5100E44390 /* background.js in Resources */ = {isa = PBXBuildFile; fileRef = E7AFE88130605B5100E44390 /* background.js */; };
		E7AFE88C30605B5100E44390 /* detector.js in Resources */ = {isa = PBXBuildFile; fileRef = E7AFE88230605B5100E44390 /* detector.js */; };
		E7AFE88D30605B5100E44390 /* icons in Resources */ = {isa = PBXBuildFile; fileRef = E7AFE88330605B5100E44390 /* icons */; };
		E7AFE88E30605B5100E44390 /* manifest.json in Resources */ = {isa = PBXBuildFile; fileRef = E7AFE88430605B5100E44390 /* manifest.json */; };
		E7AFE88F30605B5100E44390 /* lib in Resources */ = {isa = PBXBuildFile; fileRef = E7AFE88530605B5100E44390 /* lib */; };
		E7AFE89030605B5100E44390 /* content.js in Resources */ = {isa = PBXBuildFile; fileRef = E7AFE88630605B5100E44390 /* content.js */; };
		E7AFE89130605B5100E44390 /* data in Resources */ = {isa = PBXBuildFile; fileRef = E7AFE88730605B5100E44390 /* data */; };
		E7AFE89230605B5100E44390 /* vendor in Resources */ = {isa = PBXBuildFile; fileRef = E7AFE88830605B5100E44390 /* vendor */; };
/* End PBXBuildFile section */

/* Begin PBXContainerItemProxy section */
		E7AFE86F30605B5000E44390 /* PBXContainerItemProxy */ = {
			isa = PBXContainerItemProxy;
			containerPortal = E7AFE84A30605B4F00E44390 /* Project object */;
			proxyType = 1;
			remoteGlobalIDString = E7AFE86C30605B5000E44390;
			remoteInfo = "Browser Dark Mode Extension";
		};
/* End PBXContainerItemProxy section */

/* Begin PBXCopyFilesBuildPhase section */
		E7AFE87A30605B5000E44390 /* Embed Foundation Extensions */ = {
			isa = PBXCopyFilesBuildPhase;
			dstPath = "";
			dstSubfolder = PlugIns;
			files = (
				E7AFE86E30605B5000E44390 /* Browser Dark Mode Extension.appex in Embed Foundation Extensions */,
			);
			name = "Embed Foundation Extensions";
		};
/* End PBXCopyFilesBuildPhase section */

/* Begin PBXFileReference section */
		E7AFE85230605B4F00E44390 /* Browser Dark Mode.app */ = {isa = PBXFileReference; explicitFileType = wrapper.application; includeInIndex = 0; path = "Browser Dark Mode.app"; sourceTree = BUILT_PRODUCTS_DIR; };
		E7AFE85530605B4F00E44390 /* AppDelegate.swift */ = {isa = PBXFileReference; lastKnownFileType = sourcecode.swift; path = AppDelegate.swift; sourceTree = "<group>"; };
		E7AFE85930605B4F00E44390 /* Base */ = {isa = PBXFileReference; lastKnownFileType = text.html; name = Base; path = Base.lproj/Main.html; sourceTree = "<group>"; };
		E7AFE85B30605B4F00E44390 /* Icon.png */ = {isa = PBXFileReference; lastKnownFileType = image.png; path = Icon.png; sourceTree = "<group>"; };
		E7AFE85D30605B4F00E44390 /* Style.css */ = {isa = PBXFileReference; lastKnownFileType = text.css; path = Style.css; sourceTree = "<group>"; };
		E7AFE85F30605B4F00E44390 /* Script.js */ = {isa = PBXFileReference; lastKnownFileType = sourcecode.javascript; path = Script.js; sourceTree = "<group>"; };
		E7AFE86130605B4F00E44390 /* ViewController.swift */ = {isa = PBXFileReference; lastKnownFileType = sourcecode.swift; path = ViewController.swift; sourceTree = "<group>"; };
		E7AFE86430605B4F00E44390 /* Base */ = {isa = PBXFileReference; lastKnownFileType = file.storyboard; name = Base; path = Base.lproj/Main.storyboard; sourceTree = "<group>"; };
		E7AFE86630605B5000E44390 /* Assets.xcassets */ = {isa = PBXFileReference; lastKnownFileType = folder.assetcatalog; path = Assets.xcassets; sourceTree = "<group>"; };
		E7AFE86830605B5000E44390 /* Info.plist */ = {isa = PBXFileReference; lastKnownFileType = text.plist.xml; path = Info.plist; sourceTree = "<group>"; };
		E7AFE86D30605B5000E44390 /* Browser Dark Mode Extension.appex */ = {isa = PBXFileReference; explicitFileType = "wrapper.app-extension"; includeInIndex = 0; path = "Browser Dark Mode Extension.appex"; sourceTree = BUILT_PRODUCTS_DIR; };
		E7AFE87230605B5000E44390 /* SafariWebExtensionHandler.swift */ = {isa = PBXFileReference; lastKnownFileType = sourcecode.swift; path = SafariWebExtensionHandler.swift; sourceTree = "<group>"; };
		E7AFE87430605B5000E44390 /* Info.plist */ = {isa = PBXFileReference; lastKnownFileType = text.plist.xml; path = Info.plist; sourceTree = "<group>"; };
		E7AFE87F30605B5100E44390 /* proxy.js */ = {isa = PBXFileReference; lastKnownFileType = sourcecode.javascript; name = proxy.js; path = ../../../extension/proxy.js; sourceTree = "<group>"; };
		E7AFE88030605B5100E44390 /* popup */ = {isa = PBXFileReference; lastKnownFileType = folder; name = popup; path = ../../../extension/popup; sourceTree = "<group>"; };
		E7AFE88130605B5100E44390 /* background.js */ = {isa = PBXFileReference; lastKnownFileType = sourcecode.javascript; name = background.js; path = ../../../extension/background.js; sourceTree = "<group>"; };
		E7AFE88230605B5100E44390 /* detector.js */ = {isa = PBXFileReference; lastKnownFileType = sourcecode.javascript; name = detector.js; path = ../../../extension/detector.js; sourceTree = "<group>"; };
		E7AFE88330605B5100E44390 /* icons */ = {isa = PBXFileReference; lastKnownFileType = folder; name = icons; path = ../../../extension/icons; sourceTree = "<group>"; };
		E7AFE88430605B5100E44390 /* manifest.json */ = {isa = PBXFileReference; lastKnownFileType = text.json; name = manifest.json; path = ../../../extension/manifest.json; sourceTree = "<group>"; };
		E7AFE88530605B5100E44390 /* lib */ = {isa = PBXFileReference; lastKnownFileType = folder; name = lib; path = ../../../extension/lib; sourceTree = "<group>"; };
		E7AFE88630605B5100E44390 /* content.js */ = {isa = PBXFileReference; lastKnownFileType = sourcecode.javascript; name = content.js; path = ../../../extension/content.js; sourceTree = "<group>"; };
		E7AFE88730605B5100E44390 /* data */ = {isa = PBXFileReference; lastKnownFileType = folder; name = data; path = ../../../extension/data; sourceTree = "<group>"; };
		E7AFE88830605B5100E44390 /* vendor */ = {isa = PBXFileReference; lastKnownFileType = folder; name = vendor; path = ../../../extension/vendor; sourceTree = "<group>"; };
/* End PBXFileReference section */

/* Begin PBXFrameworksBuildPhase section */
		E7AFE84F30605B4F00E44390 /* Frameworks */ = {
			isa = PBXFrameworksBuildPhase;
			files = (
			);
		};
		E7AFE86A30605B5000E44390 /* Frameworks */ = {
			isa = PBXFrameworksBuildPhase;
			files = (
			);
		};
/* End PBXFrameworksBuildPhase section */

/* Begin PBXGroup section */
		E7AFE84930605B4F00E44390 = {
			isa = PBXGroup;
			children = (
				E7AFE85430605B4F00E44390 /* Browser Dark Mode */,
				E7AFE87130605B5000E44390 /* Browser Dark Mode Extension */,
				E7AFE85330605B4F00E44390 /* Products */,
			);
			sourceTree = "<group>";
		};
		E7AFE85330605B4F00E44390 /* Products */ = {
			isa = PBXGroup;
			children = (
				E7AFE85230605B4F00E44390 /* Browser Dark Mode.app */,
				E7AFE86D30605B5000E44390 /* Browser Dark Mode Extension.appex */,
			);
			name = Products;
			sourceTree = "<group>";
		};
		E7AFE85430605B4F00E44390 /* Browser Dark Mode */ = {
			isa = PBXGroup;
			children = (
				E7AFE85530605B4F00E44390 /* AppDelegate.swift */,
				E7AFE86130605B4F00E44390 /* ViewController.swift */,
				E7AFE86330605B4F00E44390 /* Main.storyboard */,
				E7AFE86630605B5000E44390 /* Assets.xcassets */,
				E7AFE86830605B5000E44390 /* Info.plist */,
				E7AFE85730605B4F00E44390 /* Resources */,
			);
			path = "Browser Dark Mode";
			sourceTree = "<group>";
		};
		E7AFE85730605B4F00E44390 /* Resources */ = {
			isa = PBXGroup;
			children = (
				E7AFE85830605B4F00E44390 /* Main.html */,
				E7AFE85B30605B4F00E44390 /* Icon.png */,
				E7AFE85D30605B4F00E44390 /* Style.css */,
				E7AFE85F30605B4F00E44390 /* Script.js */,
			);
			path = Resources;
			sourceTree = "<group>";
		};
		E7AFE87130605B5000E44390 /* Browser Dark Mode Extension */ = {
			isa = PBXGroup;
			children = (
				E7AFE87E30605B5100E44390 /* Resources */,
				E7AFE87230605B5000E44390 /* SafariWebExtensionHandler.swift */,
				E7AFE87430605B5000E44390 /* Info.plist */,
			);
			path = "Browser Dark Mode Extension";
			sourceTree = "<group>";
		};
		E7AFE87E30605B5100E44390 /* Resources */ = {
			isa = PBXGroup;
			children = (
				E7AFE87F30605B5100E44390 /* proxy.js */,
				E7AFE88030605B5100E44390 /* popup */,
				E7AFE88130605B5100E44390 /* background.js */,
				E7AFE88230605B5100E44390 /* detector.js */,
				E7AFE88330605B5100E44390 /* icons */,
				E7AFE88430605B5100E44390 /* manifest.json */,
				E7AFE88530605B5100E44390 /* lib */,
				E7AFE88630605B5100E44390 /* content.js */,
				E7AFE88730605B5100E44390 /* data */,
				E7AFE88830605B5100E44390 /* vendor */,
			);
			name = Resources;
			path = "Browser Dark Mode Extension";
			sourceTree = SOURCE_ROOT;
		};
/* End PBXGroup section */

/* Begin PBXNativeTarget section */
		E7AFE85130605B4F00E44390 /* Browser Dark Mode */ = {
			isa = PBXNativeTarget;
			buildConfigurationList = E7AFE87B30605B5000E44390 /* Build configuration list for PBXNativeTarget "Browser Dark Mode" */;
			buildPhases = (
				E7AFE84E30605B4F00E44390 /* Sources */,
				E7AFE84F30605B4F00E44390 /* Frameworks */,
				E7AFE85030605B4F00E44390 /* Resources */,
				E7AFE87A30605B5000E44390 /* Embed Foundation Extensions */,
			);
			buildRules = (
			);
			dependencies = (
				E7AFE87030605B5000E44390 /* PBXTargetDependency */,
			);
			name = "Browser Dark Mode";
			productName = "Browser Dark Mode";
			productReference = E7AFE85230605B4F00E44390 /* Browser Dark Mode.app */;
			productType = "com.apple.product-type.application";
		};
		E7AFE86C30605B5000E44390 /* Browser Dark Mode Extension */ = {
			isa = PBXNativeTarget;
			buildConfigurationList = E7AFE87730605B5000E44390 /* Build configuration list for PBXNativeTarget "Browser Dark Mode Extension" */;
			buildPhases = (
				E7AFE86930605B5000E44390 /* Sources */,
				E7AFE86A30605B5000E44390 /* Frameworks */,
				E7AFE86B30605B5000E44390 /* Resources */,
			);
			buildRules = (
			);
			name = "Browser Dark Mode Extension";
			productName = "Browser Dark Mode Extension";
			productReference = E7AFE86D30605B5000E44390 /* Browser Dark Mode Extension.appex */;
			productType = "com.apple.product-type.app-extension";
		};
/* End PBXNativeTarget section */

/* Begin PBXProject section */
		E7AFE84A30605B4F00E44390 /* Project object */ = {
			isa = PBXProject;
			attributes = {
				BuildIndependentTargetsInParallel = 1;
				LastSwiftUpdateCheck = 2700;
				LastUpgradeCheck = 2700;
				TargetAttributes = {
					E7AFE85130605B4F00E44390 = {
						CreatedOnToolsVersion = 27.0;
					};
					E7AFE86C30605B5000E44390 = {
						CreatedOnToolsVersion = 27.0;
					};
				};
			};
			buildConfigurationList = E7AFE84D30605B4F00E44390 /* Build configuration list for PBXProject "Browser Dark Mode" */;
			developmentRegion = en;
			hasScannedForEncodings = 0;
			knownRegions = (
				en,
				Base,
			);
			mainGroup = E7AFE84930605B4F00E44390;
			minimizedProjectReferenceProxies = 1;
			preferredProjectObjectVersion = 77;
			productRefGroup = E7AFE85330605B4F00E44390 /* Products */;
			projectDirPath = "";
			projectRoot = "";
			targets = (
				E7AFE85130605B4F00E44390 /* Browser Dark Mode */,
				E7AFE86C30605B5000E44390 /* Browser Dark Mode Extension */,
			);
		};
/* End PBXProject section */

/* Begin PBXResourcesBuildPhase section */
		E7AFE85030605B4F00E44390 /* Resources */ = {
			isa = PBXResourcesBuildPhase;
			files = (
				E7AFE85C30605B4F00E44390 /* Icon.png in Resources */,
				E7AFE86530605B4F00E44390 /* Main.storyboard in Resources */,
				E7AFE86030605B4F00E44390 /* Script.js in Resources */,
				E7AFE85A30605B4F00E44390 /* Main.html in Resources */,
				E7AFE86730605B5000E44390 /* Assets.xcassets in Resources */,
				E7AFE85E30605B4F00E44390 /* Style.css in Resources */,
			);
		};
		E7AFE86B30605B5000E44390 /* Resources */ = {
			isa = PBXResourcesBuildPhase;
			files = (
				E7AFE89230605B5100E44390 /* vendor in Resources */,
				E7AFE89030605B5100E44390 /* content.js in Resources */,
				E7AFE88C30605B5100E44390 /* detector.js in Resources */,
				E7AFE88930605B5100E44390 /* proxy.js in Resources */,
				E7AFE88B30605B5100E44390 /* background.js in Resources */,
				E7AFE89130605B5100E44390 /* data in Resources */,
				E7AFE88D30605B5100E44390 /* icons in Resources */,
				E7AFE88F30605B5100E44390 /* lib in Resources */,
				E7AFE88E30605B5100E44390 /* manifest.json in Resources */,
				E7AFE88A30605B5100E44390 /* popup in Resources */,
			);
		};
/* End PBXResourcesBuildPhase section */

/* Begin PBXSourcesBuildPhase section */
		E7AFE84E30605B4F00E44390 /* Sources */ = {
			isa = PBXSourcesBuildPhase;
			files = (
				E7AFE86230605B4F00E44390 /* ViewController.swift in Sources */,
				E7AFE85630605B4F00E44390 /* AppDelegate.swift in Sources */,
			);
		};
		E7AFE86930605B5000E44390 /* Sources */ = {
			isa = PBXSourcesBuildPhase;
			files = (
				E7AFE87330605B5000E44390 /* SafariWebExtensionHandler.swift in Sources */,
			);
		};
/* End PBXSourcesBuildPhase section */

/* Begin PBXTargetDependency section */
		E7AFE87030605B5000E44390 /* PBXTargetDependency */ = {
			isa = PBXTargetDependency;
			target = E7AFE86C30605B5000E44390 /* Browser Dark Mode Extension */;
			targetProxy = E7AFE86F30605B5000E44390 /* PBXContainerItemProxy */;
		};
/* End PBXTargetDependency section */

/* Begin PBXVariantGroup section */
		E7AFE85830605B4F00E44390 /* Main.html */ = {
			isa = PBXVariantGroup;
			children = (
				E7AFE85930605B4F00E44390 /* Base */,
			);
			name = Main.html;
			sourceTree = "<group>";
		};
		E7AFE86330605B4F00E44390 /* Main.storyboard */ = {
			isa = PBXVariantGroup;
			children = (
				E7AFE86430605B4F00E44390 /* Base */,
			);
			name = Main.storyboard;
			sourceTree = "<group>";
		};
/* End PBXVariantGroup section */

/* Begin XCBuildConfiguration section */
		E7AFE87530605B5000E44390 /* Debug configuration for PBXProject "Browser Dark Mode" */ = {
			isa = XCBuildConfiguration;
			buildSettings = {
				ALWAYS_SEARCH_USER_PATHS = NO;
				ASSETCATALOG_COMPILER_GENERATE_SWIFT_ASSET_SYMBOL_EXTENSIONS = YES;
				CLANG_ANALYZER_NONNULL = YES;
				CLANG_ANALYZER_NUMBER_OBJECT_CONVERSION = YES_AGGRESSIVE;
				CLANG_CXX_LANGUAGE_STANDARD = "gnu++20";
				CLANG_ENABLE_MODULES = YES;
				CLANG_ENABLE_OBJC_ARC = YES;
				CLANG_ENABLE_OBJC_WEAK = YES;
				CLANG_WARN_BLOCK_CAPTURE_AUTORELEASING = YES;
				CLANG_WARN_BOOL_CONVERSION = YES;
				CLANG_WARN_COMMA = YES;
				CLANG_WARN_CONSTANT_CONVERSION = YES;
				CLANG_WARN_DEPRECATED_OBJC_IMPLEMENTATIONS = YES;
				CLANG_WARN_DIRECT_OBJC_ISA_USAGE = YES_ERROR;
				CLANG_WARN_DOCUMENTATION_COMMENTS = YES;
				CLANG_WARN_EMPTY_BODY = YES;
				CLANG_WARN_ENUM_CONVERSION = YES;
				CLANG_WARN_INFINITE_RECURSION = YES;
				CLANG_WARN_INT_CONVERSION = YES;
				CLANG_WARN_NON_LITERAL_NULL_CONVERSION = YES;
				CLANG_WARN_OBJC_IMPLICIT_RETAIN_SELF = YES;
				CLANG_WARN_OBJC_LITERAL_CONVERSION = YES;
				CLANG_WARN_OBJC_ROOT_CLASS = YES_ERROR;
				CLANG_WARN_QUOTED_INCLUDE_IN_FRAMEWORK_HEADER = YES;
				CLANG_WARN_RANGE_LOOP_ANALYSIS = YES;
				CLANG_WARN_STRICT_PROTOTYPES = YES;
				CLANG_WARN_SUSPICIOUS_MOVE = YES;
				CLANG_WARN_UNGUARDED_AVAILABILITY = YES_AGGRESSIVE;
				CLANG_WARN_UNREACHABLE_CODE = YES;
				CLANG_WARN__DUPLICATE_METHOD_MATCH = YES;
				COPY_PHASE_STRIP = NO;
				DEBUG_INFORMATION_FORMAT = dwarf;
				ENABLE_STRICT_OBJC_MSGSEND = YES;
				ENABLE_TESTABILITY = YES;
				ENABLE_USER_SCRIPT_SANDBOXING = YES;
				GCC_C_LANGUAGE_STANDARD = gnu17;
				GCC_DYNAMIC_NO_PIC = NO;
				GCC_NO_COMMON_BLOCKS = YES;
				GCC_OPTIMIZATION_LEVEL = 0;
				GCC_PREPROCESSOR_DEFINITIONS = (
					"DEBUG=1",
					"$(inherited)",
				);
				GCC_WARN_64_TO_32_BIT_CONVERSION = YES;
				GCC_WARN_ABOUT_RETURN_TYPE = YES_ERROR;
				GCC_WARN_UNDECLARED_SELECTOR = YES;
				GCC_WARN_UNINITIALIZED_AUTOS = YES_AGGRESSIVE;
				GCC_WARN_UNUSED_FUNCTION = YES;
				GCC_WARN_UNUSED_VARIABLE = YES;
				LOCALIZATION_PREFERS_STRING_CATALOGS = YES;
				MACOSX_DEPLOYMENT_TARGET = 15.4;
				MTL_ENABLE_DEBUG_INFO = INCLUDE_SOURCE;
				MTL_FAST_MATH = YES;
				ONLY_ACTIVE_ARCH = YES;
				SDKROOT = macosx;
				SWIFT_ACTIVE_COMPILATION_CONDITIONS = "DEBUG $(inherited)";
				SWIFT_OPTIMIZATION_LEVEL = "-Onone";
			};
			name = Debug;
		};
		E7AFE87630605B5000E44390 /* Release configuration for PBXProject "Browser Dark Mode" */ = {
			isa = XCBuildConfiguration;
			buildSettings = {
				ALWAYS_SEARCH_USER_PATHS = NO;
				ASSETCATALOG_COMPILER_GENERATE_SWIFT_ASSET_SYMBOL_EXTENSIONS = YES;
				CLANG_ANALYZER_NONNULL = YES;
				CLANG_ANALYZER_NUMBER_OBJECT_CONVERSION = YES_AGGRESSIVE;
				CLANG_CXX_LANGUAGE_STANDARD = "gnu++20";
				CLANG_ENABLE_MODULES = YES;
				CLANG_ENABLE_OBJC_ARC = YES;
				CLANG_ENABLE_OBJC_WEAK = YES;
				CLANG_WARN_BLOCK_CAPTURE_AUTORELEASING = YES;
				CLANG_WARN_BOOL_CONVERSION = YES;
				CLANG_WARN_COMMA = YES;
				CLANG_WARN_CONSTANT_CONVERSION = YES;
				CLANG_WARN_DEPRECATED_OBJC_IMPLEMENTATIONS = YES;
				CLANG_WARN_DIRECT_OBJC_ISA_USAGE = YES_ERROR;
				CLANG_WARN_DOCUMENTATION_COMMENTS = YES;
				CLANG_WARN_EMPTY_BODY = YES;
				CLANG_WARN_ENUM_CONVERSION = YES;
				CLANG_WARN_INFINITE_RECURSION = YES;
				CLANG_WARN_INT_CONVERSION = YES;
				CLANG_WARN_NON_LITERAL_NULL_CONVERSION = YES;
				CLANG_WARN_OBJC_IMPLICIT_RETAIN_SELF = YES;
				CLANG_WARN_OBJC_LITERAL_CONVERSION = YES;
				CLANG_WARN_OBJC_ROOT_CLASS = YES_ERROR;
				CLANG_WARN_QUOTED_INCLUDE_IN_FRAMEWORK_HEADER = YES;
				CLANG_WARN_RANGE_LOOP_ANALYSIS = YES;
				CLANG_WARN_STRICT_PROTOTYPES = YES;
				CLANG_WARN_SUSPICIOUS_MOVE = YES;
				CLANG_WARN_UNGUARDED_AVAILABILITY = YES_AGGRESSIVE;
				CLANG_WARN_UNREACHABLE_CODE = YES;
				CLANG_WARN__DUPLICATE_METHOD_MATCH = YES;
				COPY_PHASE_STRIP = NO;
				DEBUG_INFORMATION_FORMAT = "dwarf-with-dsym";
				ENABLE_NS_ASSERTIONS = NO;
				ENABLE_STRICT_OBJC_MSGSEND = YES;
				ENABLE_USER_SCRIPT_SANDBOXING = YES;
				GCC_C_LANGUAGE_STANDARD = gnu17;
				GCC_NO_COMMON_BLOCKS = YES;
				GCC_WARN_64_TO_32_BIT_CONVERSION = YES;
				GCC_WARN_ABOUT_RETURN_TYPE = YES_ERROR;
				GCC_WARN_UNDECLARED_SELECTOR = YES;
				GCC_WARN_UNINITIALIZED_AUTOS = YES_AGGRESSIVE;
				GCC_WARN_UNUSED_FUNCTION = YES;
				GCC_WARN_UNUSED_VARIABLE = YES;
				LOCALIZATION_PREFERS_STRING_CATALOGS = YES;
				MACOSX_DEPLOYMENT_TARGET = 15.4;
				MTL_ENABLE_DEBUG_INFO = NO;
				MTL_FAST_MATH = YES;
				SDKROOT = macosx;
				SWIFT_COMPILATION_MODE = wholemodule;
			};
			name = Release;
		};
		E7AFE87830605B5000E44390 /* Debug configuration for PBXNativeTarget "Browser Dark Mode Extension" */ = {
			isa = XCBuildConfiguration;
			buildSettings = {
				CODE_SIGN_STYLE = Automatic;
				CURRENT_PROJECT_VERSION = 1;
				ENABLE_APP_SANDBOX = YES;
				ENABLE_HARDENED_RUNTIME = YES;
				ENABLE_USER_SELECTED_FILES = readonly;
				GENERATE_INFOPLIST_FILE = YES;
				INFOPLIST_FILE = "Browser Dark Mode Extension/Info.plist";
				INFOPLIST_KEY_CFBundleDisplayName = "Browser Dark Mode Extension";
				INFOPLIST_KEY_NSHumanReadableCopyright = "";
				LD_RUNPATH_SEARCH_PATHS = (
					"$(inherited)",
					"@executable_path/../Frameworks",
					"@executable_path/../../../../Frameworks",
				);
				MACOSX_DEPLOYMENT_TARGET = 15.4;
				MARKETING_VERSION = 1.0;
				OTHER_LDFLAGS = (
					"-framework",
					SafariServices,
				);
				PRODUCT_BUNDLE_IDENTIFIER = "com.vladimir.browser-dark-mode.Extension";
				PRODUCT_NAME = "$(TARGET_NAME)";
				SKIP_INSTALL = YES;
				STRING_CATALOG_GENERATE_SYMBOLS = YES;
				SWIFT_APPROACHABLE_CONCURRENCY = YES;
				SWIFT_EMIT_LOC_STRINGS = YES;
				SWIFT_UPCOMING_FEATURE_MEMBER_IMPORT_VISIBILITY = YES;
				SWIFT_VERSION = 5.0;
			};
			name = Debug;
		};
		E7AFE87930605B5000E44390 /* Release configuration for PBXNativeTarget "Browser Dark Mode Extension" */ = {
			isa = XCBuildConfiguration;
			buildSettings = {
				CODE_SIGN_STYLE = Automatic;
				CURRENT_PROJECT_VERSION = 1;
				ENABLE_APP_SANDBOX = YES;
				ENABLE_HARDENED_RUNTIME = YES;
				ENABLE_USER_SELECTED_FILES = readonly;
				GENERATE_INFOPLIST_FILE = YES;
				INFOPLIST_FILE = "Browser Dark Mode Extension/Info.plist";
				INFOPLIST_KEY_CFBundleDisplayName = "Browser Dark Mode Extension";
				INFOPLIST_KEY_NSHumanReadableCopyright = "";
				LD_RUNPATH_SEARCH_PATHS = (
					"$(inherited)",
					"@executable_path/../Frameworks",
					"@executable_path/../../../../Frameworks",
				);
				MACOSX_DEPLOYMENT_TARGET = 15.4;
				MARKETING_VERSION = 1.0;
				OTHER_LDFLAGS = (
					"-framework",
					SafariServices,
				);
				PRODUCT_BUNDLE_IDENTIFIER = "com.vladimir.browser-dark-mode.Extension";
				PRODUCT_NAME = "$(TARGET_NAME)";
				SKIP_INSTALL = YES;
				STRING_CATALOG_GENERATE_SYMBOLS = YES;
				SWIFT_APPROACHABLE_CONCURRENCY = YES;
				SWIFT_EMIT_LOC_STRINGS = YES;
				SWIFT_UPCOMING_FEATURE_MEMBER_IMPORT_VISIBILITY = YES;
				SWIFT_VERSION = 5.0;
			};
			name = Release;
		};
		E7AFE87C30605B5000E44390 /* Debug configuration for PBXNativeTarget "Browser Dark Mode" */ = {
			isa = XCBuildConfiguration;
			buildSettings = {
				ASSETCATALOG_COMPILER_APPICON_NAME = AppIcon;
				ASSETCATALOG_COMPILER_GLOBAL_ACCENT_COLOR_NAME = AccentColor;
				CODE_SIGN_STYLE = Automatic;
				COMBINE_HIDPI_IMAGES = YES;
				CURRENT_PROJECT_VERSION = 1;
				ENABLE_APP_SANDBOX = YES;
				ENABLE_HARDENED_RUNTIME = YES;
				ENABLE_OUTGOING_NETWORK_CONNECTIONS = YES;
				ENABLE_USER_SELECTED_FILES = readonly;
				GENERATE_INFOPLIST_FILE = YES;
				INFOPLIST_FILE = "Browser Dark Mode/Info.plist";
				INFOPLIST_KEY_CFBundleDisplayName = "Browser Dark Mode";
				INFOPLIST_KEY_NSHumanReadableCopyright = "";
				INFOPLIST_KEY_NSMainStoryboardFile = Main;
				INFOPLIST_KEY_NSPrincipalClass = NSApplication;
				INFOPLIST_KEY_NSViewGestureRecognizerIsExclusive = NO;
				LD_RUNPATH_SEARCH_PATHS = (
					"$(inherited)",
					"@executable_path/../Frameworks",
				);
				MARKETING_VERSION = 1.0;
				OTHER_LDFLAGS = (
					"-framework",
					SafariServices,
					"-framework",
					WebKit,
				);
				PRODUCT_BUNDLE_IDENTIFIER = "com.vladimir.browser-dark-mode";
				PRODUCT_NAME = "$(TARGET_NAME)";
				REGISTER_APP_GROUPS = YES;
				STRING_CATALOG_GENERATE_SYMBOLS = YES;
				SWIFT_APPROACHABLE_CONCURRENCY = YES;
				SWIFT_DEFAULT_ACTOR_ISOLATION = MainActor;
				SWIFT_EMIT_LOC_STRINGS = YES;
				SWIFT_UPCOMING_FEATURE_MEMBER_IMPORT_VISIBILITY = YES;
				SWIFT_VERSION = 5.0;
			};
			name = Debug;
		};
		E7AFE87D30605B5000E44390 /* Release configuration for PBXNativeTarget "Browser Dark Mode" */ = {
			isa = XCBuildConfiguration;
			buildSettings = {
				ASSETCATALOG_COMPILER_APPICON_NAME = AppIcon;
				ASSETCATALOG_COMPILER_GLOBAL_ACCENT_COLOR_NAME = AccentColor;
				CODE_SIGN_STYLE = Automatic;
				COMBINE_HIDPI_IMAGES = YES;
				CURRENT_PROJECT_VERSION = 1;
				ENABLE_APP_SANDBOX = YES;
				ENABLE_HARDENED_RUNTIME = YES;
				ENABLE_OUTGOING_NETWORK_CONNECTIONS = YES;
				ENABLE_USER_SELECTED_FILES = readonly;
				GENERATE_INFOPLIST_FILE = YES;
				INFOPLIST_FILE = "Browser Dark Mode/Info.plist";
				INFOPLIST_KEY_CFBundleDisplayName = "Browser Dark Mode";
				INFOPLIST_KEY_NSHumanReadableCopyright = "";
				INFOPLIST_KEY_NSMainStoryboardFile = Main;
				INFOPLIST_KEY_NSPrincipalClass = NSApplication;
				INFOPLIST_KEY_NSViewGestureRecognizerIsExclusive = NO;
				LD_RUNPATH_SEARCH_PATHS = (
					"$(inherited)",
					"@executable_path/../Frameworks",
				);
				MARKETING_VERSION = 1.0;
				OTHER_LDFLAGS = (
					"-framework",
					SafariServices,
					"-framework",
					WebKit,
				);
				PRODUCT_BUNDLE_IDENTIFIER = "com.vladimir.browser-dark-mode";
				PRODUCT_NAME = "$(TARGET_NAME)";
				REGISTER_APP_GROUPS = YES;
				STRING_CATALOG_GENERATE_SYMBOLS = YES;
				SWIFT_APPROACHABLE_CONCURRENCY = YES;
				SWIFT_DEFAULT_ACTOR_ISOLATION = MainActor;
				SWIFT_EMIT_LOC_STRINGS = YES;
				SWIFT_UPCOMING_FEATURE_MEMBER_IMPORT_VISIBILITY = YES;
				SWIFT_VERSION = 5.0;
			};
			name = Release;
		};
/* End XCBuildConfiguration section */

/* Begin XCConfigurationList section */
		E7AFE84D30605B4F00E44390 /* Build configuration list for PBXProject "Browser Dark Mode" */ = {
			isa = XCConfigurationList;
			buildConfigurations = (
				E7AFE87530605B5000E44390 /* Debug configuration for PBXProject "Browser Dark Mode" */,
				E7AFE87630605B5000E44390 /* Release configuration for PBXProject "Browser Dark Mode" */,
			);
			defaultConfigurationName = Release;
		};
		E7AFE87730605B5000E44390 /* Build configuration list for PBXNativeTarget "Browser Dark Mode Extension" */ = {
			isa = XCConfigurationList;
			buildConfigurations = (
				E7AFE87830605B5000E44390 /* Debug configuration for PBXNativeTarget "Browser Dark Mode Extension" */,
				E7AFE87930605B5000E44390 /* Release configuration for PBXNativeTarget "Browser Dark Mode Extension" */,
			);
			defaultConfigurationName = Release;
		};
		E7AFE87B30605B5000E44390 /* Build configuration list for PBXNativeTarget "Browser Dark Mode" */ = {
			isa = XCConfigurationList;
			buildConfigurations = (
				E7AFE87C30605B5000E44390 /* Debug configuration for PBXNativeTarget "Browser Dark Mode" */,
				E7AFE87D30605B5000E44390 /* Release configuration for PBXNativeTarget "Browser Dark Mode" */,
			);
			defaultConfigurationName = Release;
		};
/* End XCConfigurationList section */
	};
	rootObject = E7AFE84A30605B4F00E44390 /* Project object */;
	validationLevel = 1;
}
