// !$*UTF8*$!
{
	archiveVersion = 1;
	classes = {
	};
	objectVersion = 110;
	objects = {

/* Begin PBXBuildFile section */
		E7710A3230604672007CA3DE /* AppDelegate.swift in Sources */ = {isa = PBXBuildFile; fileRef = E7710A3130604672007CA3DE /* AppDelegate.swift */; };
		E7710A3630604672007CA3DE /* Main.html in Resources */ = {isa = PBXBuildFile; fileRef = E7710A3430604672007CA3DE /* Main.html */; };
		E7710A3830604672007CA3DE /* Icon.png in Resources */ = {isa = PBXBuildFile; fileRef = E7710A3730604672007CA3DE /* Icon.png */; };
		E7710A3A30604672007CA3DE /* Style.css in Resources */ = {isa = PBXBuildFile; fileRef = E7710A3930604672007CA3DE /* Style.css */; };
		E7710A3C30604672007CA3DE /* Script.js in Resources */ = {isa = PBXBuildFile; fileRef = E7710A3B30604672007CA3DE /* Script.js */; };
		E7710A3E30604672007CA3DE /* ViewController.swift in Sources */ = {isa = PBXBuildFile; fileRef = E7710A3D30604672007CA3DE /* ViewController.swift */; };
		E7710A4130604672007CA3DE /* Main.storyboard in Resources */ = {isa = PBXBuildFile; fileRef = E7710A3F30604672007CA3DE /* Main.storyboard */; };
		E7710A4330604673007CA3DE /* Assets.xcassets in Resources */ = {isa = PBXBuildFile; fileRef = E7710A4230604673007CA3DE /* Assets.xcassets */; };
		E7710A4A30604673007CA3DE /* Browser Dark Mode Extension.appex in Embed Foundation Extensions */ = {isa = PBXBuildFile; fileRef = E7710A4930604673007CA3DE /* Browser Dark Mode Extension.appex */; settings = {ATTRIBUTES = (RemoveHeadersOnCopy, ); }; };
		E7710A4F30604673007CA3DE /* SafariWebExtensionHandler.swift in Sources */ = {isa = PBXBuildFile; fileRef = E7710A4E30604673007CA3DE /* SafariWebExtensionHandler.swift */; };
		E7710A6530604673007CA3DE /* proxy.js in Resources */ = {isa = PBXBuildFile; fileRef = E7710A5B30604673007CA3DE /* proxy.js */; };
		E7710A6630604673007CA3DE /* popup in Resources */ = {isa = PBXBuildFile; fileRef = E7710A5C30604673007CA3DE /* popup */; };
		E7710A6730604673007CA3DE /* background.js in Resources */ = {isa = PBXBuildFile; fileRef = E7710A5D30604673007CA3DE /* background.js */; };
		E7710A6830604673007CA3DE /* detector.js in Resources */ = {isa = PBXBuildFile; fileRef = E7710A5E30604673007CA3DE /* detector.js */; };
		E7710A6930604673007CA3DE /* icons in Resources */ = {isa = PBXBuildFile; fileRef = E7710A5F30604673007CA3DE /* icons */; };
		E7710A6A30604673007CA3DE /* manifest.json in Resources */ = {isa = PBXBuildFile; fileRef = E7710A6030604673007CA3DE /* manifest.json */; };
		E7710A6B30604673007CA3DE /* lib in Resources */ = {isa = PBXBuildFile; fileRef = E7710A6130604673007CA3DE /* lib */; };
		E7710A6C30604673007CA3DE /* content.js in Resources */ = {isa = PBXBuildFile; fileRef = E7710A6230604673007CA3DE /* content.js */; };
		E7710A6D30604673007CA3DE /* data in Resources */ = {isa = PBXBuildFile; fileRef = E7710A6330604673007CA3DE /* data */; };
		E7710A6E30604673007CA3DE /* vendor in Resources */ = {isa = PBXBuildFile; fileRef = E7710A6430604673007CA3DE /* vendor */; };
/* End PBXBuildFile section */

/* Begin PBXContainerItemProxy section */
		E7710A4B30604673007CA3DE /* PBXContainerItemProxy */ = {
			isa = PBXContainerItemProxy;
			containerPortal = E7710A2630604672007CA3DE /* Project object */;
			proxyType = 1;
			remoteGlobalIDString = E7710A4830604673007CA3DE;
			remoteInfo = "Browser Dark Mode Extension";
		};
/* End PBXContainerItemProxy section */

/* Begin PBXCopyFilesBuildPhase section */
		E7710A5630604673007CA3DE /* Embed Foundation Extensions */ = {
			isa = PBXCopyFilesBuildPhase;
			dstPath = "";
			dstSubfolder = PlugIns;
			files = (
				E7710A4A30604673007CA3DE /* Browser Dark Mode Extension.appex in Embed Foundation Extensions */,
			);
			name = "Embed Foundation Extensions";
		};
/* End PBXCopyFilesBuildPhase section */

/* Begin PBXFileReference section */
		E7710A2E30604672007CA3DE /* Browser Dark Mode.app */ = {isa = PBXFileReference; explicitFileType = wrapper.application; includeInIndex = 0; path = "Browser Dark Mode.app"; sourceTree = BUILT_PRODUCTS_DIR; };
		E7710A3130604672007CA3DE /* AppDelegate.swift */ = {isa = PBXFileReference; lastKnownFileType = sourcecode.swift; path = AppDelegate.swift; sourceTree = "<group>"; };
		E7710A3530604672007CA3DE /* Base */ = {isa = PBXFileReference; lastKnownFileType = text.html; name = Base; path = Base.lproj/Main.html; sourceTree = "<group>"; };
		E7710A3730604672007CA3DE /* Icon.png */ = {isa = PBXFileReference; lastKnownFileType = image.png; path = Icon.png; sourceTree = "<group>"; };
		E7710A3930604672007CA3DE /* Style.css */ = {isa = PBXFileReference; lastKnownFileType = text.css; path = Style.css; sourceTree = "<group>"; };
		E7710A3B30604672007CA3DE /* Script.js */ = {isa = PBXFileReference; lastKnownFileType = sourcecode.javascript; path = Script.js; sourceTree = "<group>"; };
		E7710A3D30604672007CA3DE /* ViewController.swift */ = {isa = PBXFileReference; lastKnownFileType = sourcecode.swift; path = ViewController.swift; sourceTree = "<group>"; };
		E7710A4030604672007CA3DE /* Base */ = {isa = PBXFileReference; lastKnownFileType = file.storyboard; name = Base; path = Base.lproj/Main.storyboard; sourceTree = "<group>"; };
		E7710A4230604673007CA3DE /* Assets.xcassets */ = {isa = PBXFileReference; lastKnownFileType = folder.assetcatalog; path = Assets.xcassets; sourceTree = "<group>"; };
		E7710A4430604673007CA3DE /* Info.plist */ = {isa = PBXFileReference; lastKnownFileType = text.plist.xml; path = Info.plist; sourceTree = "<group>"; };
		E7710A4930604673007CA3DE /* Browser Dark Mode Extension.appex */ = {isa = PBXFileReference; explicitFileType = "wrapper.app-extension"; includeInIndex = 0; path = "Browser Dark Mode Extension.appex"; sourceTree = BUILT_PRODUCTS_DIR; };
		E7710A4E30604673007CA3DE /* SafariWebExtensionHandler.swift */ = {isa = PBXFileReference; lastKnownFileType = sourcecode.swift; path = SafariWebExtensionHandler.swift; sourceTree = "<group>"; };
		E7710A5030604673007CA3DE /* Info.plist */ = {isa = PBXFileReference; lastKnownFileType = text.plist.xml; path = Info.plist; sourceTree = "<group>"; };
		E7710A5B30604673007CA3DE /* proxy.js */ = {isa = PBXFileReference; lastKnownFileType = sourcecode.javascript; name = proxy.js; path = ../../../extension/proxy.js; sourceTree = "<group>"; };
		E7710A5C30604673007CA3DE /* popup */ = {isa = PBXFileReference; lastKnownFileType = folder; name = popup; path = ../../../extension/popup; sourceTree = "<group>"; };
		E7710A5D30604673007CA3DE /* background.js */ = {isa = PBXFileReference; lastKnownFileType = sourcecode.javascript; name = background.js; path = ../../../extension/background.js; sourceTree = "<group>"; };
		E7710A5E30604673007CA3DE /* detector.js */ = {isa = PBXFileReference; lastKnownFileType = sourcecode.javascript; name = detector.js; path = ../../../extension/detector.js; sourceTree = "<group>"; };
		E7710A5F30604673007CA3DE /* icons */ = {isa = PBXFileReference; lastKnownFileType = folder; name = icons; path = ../../../extension/icons; sourceTree = "<group>"; };
		E7710A6030604673007CA3DE /* manifest.json */ = {isa = PBXFileReference; lastKnownFileType = text.json; name = manifest.json; path = ../../../extension/manifest.json; sourceTree = "<group>"; };
		E7710A6130604673007CA3DE /* lib */ = {isa = PBXFileReference; lastKnownFileType = folder; name = lib; path = ../../../extension/lib; sourceTree = "<group>"; };
		E7710A6230604673007CA3DE /* content.js */ = {isa = PBXFileReference; lastKnownFileType = sourcecode.javascript; name = content.js; path = ../../../extension/content.js; sourceTree = "<group>"; };
		E7710A6330604673007CA3DE /* data */ = {isa = PBXFileReference; lastKnownFileType = folder; name = data; path = ../../../extension/data; sourceTree = "<group>"; };
		E7710A6430604673007CA3DE /* vendor */ = {isa = PBXFileReference; lastKnownFileType = folder; name = vendor; path = ../../../extension/vendor; sourceTree = "<group>"; };
/* End PBXFileReference section */

/* Begin PBXFrameworksBuildPhase section */
		E7710A2B30604672007CA3DE /* Frameworks */ = {
			isa = PBXFrameworksBuildPhase;
			files = (
			);
		};
		E7710A4630604673007CA3DE /* Frameworks */ = {
			isa = PBXFrameworksBuildPhase;
			files = (
			);
		};
/* End PBXFrameworksBuildPhase section */

/* Begin PBXGroup section */
		E7710A2530604672007CA3DE = {
			isa = PBXGroup;
			children = (
				E7710A3030604672007CA3DE /* Browser Dark Mode */,
				E7710A4D30604673007CA3DE /* Browser Dark Mode Extension */,
				E7710A2F30604672007CA3DE /* Products */,
			);
			sourceTree = "<group>";
		};
		E7710A2F30604672007CA3DE /* Products */ = {
			isa = PBXGroup;
			children = (
				E7710A2E30604672007CA3DE /* Browser Dark Mode.app */,
				E7710A4930604673007CA3DE /* Browser Dark Mode Extension.appex */,
			);
			name = Products;
			sourceTree = "<group>";
		};
		E7710A3030604672007CA3DE /* Browser Dark Mode */ = {
			isa = PBXGroup;
			children = (
				E7710A3130604672007CA3DE /* AppDelegate.swift */,
				E7710A3D30604672007CA3DE /* ViewController.swift */,
				E7710A3F30604672007CA3DE /* Main.storyboard */,
				E7710A4230604673007CA3DE /* Assets.xcassets */,
				E7710A4430604673007CA3DE /* Info.plist */,
				E7710A3330604672007CA3DE /* Resources */,
			);
			path = "Browser Dark Mode";
			sourceTree = "<group>";
		};
		E7710A3330604672007CA3DE /* Resources */ = {
			isa = PBXGroup;
			children = (
				E7710A3430604672007CA3DE /* Main.html */,
				E7710A3730604672007CA3DE /* Icon.png */,
				E7710A3930604672007CA3DE /* Style.css */,
				E7710A3B30604672007CA3DE /* Script.js */,
			);
			path = Resources;
			sourceTree = "<group>";
		};
		E7710A4D30604673007CA3DE /* Browser Dark Mode Extension */ = {
			isa = PBXGroup;
			children = (
				E7710A5A30604673007CA3DE /* Resources */,
				E7710A4E30604673007CA3DE /* SafariWebExtensionHandler.swift */,
				E7710A5030604673007CA3DE /* Info.plist */,
			);
			path = "Browser Dark Mode Extension";
			sourceTree = "<group>";
		};
		E7710A5A30604673007CA3DE /* Resources */ = {
			isa = PBXGroup;
			children = (
				E7710A5B30604673007CA3DE /* proxy.js */,
				E7710A5C30604673007CA3DE /* popup */,
				E7710A5D30604673007CA3DE /* background.js */,
				E7710A5E30604673007CA3DE /* detector.js */,
				E7710A5F30604673007CA3DE /* icons */,
				E7710A6030604673007CA3DE /* manifest.json */,
				E7710A6130604673007CA3DE /* lib */,
				E7710A6230604673007CA3DE /* content.js */,
				E7710A6330604673007CA3DE /* data */,
				E7710A6430604673007CA3DE /* vendor */,
			);
			name = Resources;
			path = "Browser Dark Mode Extension";
			sourceTree = SOURCE_ROOT;
		};
/* End PBXGroup section */

/* Begin PBXNativeTarget section */
		E7710A2D30604672007CA3DE /* Browser Dark Mode */ = {
			isa = PBXNativeTarget;
			buildConfigurationList = E7710A5730604673007CA3DE /* Build configuration list for PBXNativeTarget "Browser Dark Mode" */;
			buildPhases = (
				E7710A2A30604672007CA3DE /* Sources */,
				E7710A2B30604672007CA3DE /* Frameworks */,
				E7710A2C30604672007CA3DE /* Resources */,
				E7710A5630604673007CA3DE /* Embed Foundation Extensions */,
			);
			buildRules = (
			);
			dependencies = (
				E7710A4C30604673007CA3DE /* PBXTargetDependency */,
			);
			name = "Browser Dark Mode";
			productName = "Browser Dark Mode";
			productReference = E7710A2E30604672007CA3DE /* Browser Dark Mode.app */;
			productType = "com.apple.product-type.application";
		};
		E7710A4830604673007CA3DE /* Browser Dark Mode Extension */ = {
			isa = PBXNativeTarget;
			buildConfigurationList = E7710A5330604673007CA3DE /* Build configuration list for PBXNativeTarget "Browser Dark Mode Extension" */;
			buildPhases = (
				E7710A4530604673007CA3DE /* Sources */,
				E7710A4630604673007CA3DE /* Frameworks */,
				E7710A4730604673007CA3DE /* Resources */,
			);
			buildRules = (
			);
			name = "Browser Dark Mode Extension";
			productName = "Browser Dark Mode Extension";
			productReference = E7710A4930604673007CA3DE /* Browser Dark Mode Extension.appex */;
			productType = "com.apple.product-type.app-extension";
		};
/* End PBXNativeTarget section */

/* Begin PBXProject section */
		E7710A2630604672007CA3DE /* Project object */ = {
			isa = PBXProject;
			attributes = {
				BuildIndependentTargetsInParallel = 1;
				LastSwiftUpdateCheck = 2700;
				LastUpgradeCheck = 2700;
				TargetAttributes = {
					E7710A2D30604672007CA3DE = {
						CreatedOnToolsVersion = 27.0;
					};
					E7710A4830604673007CA3DE = {
						CreatedOnToolsVersion = 27.0;
					};
				};
			};
			buildConfigurationList = E7710A2930604672007CA3DE /* Build configuration list for PBXProject "Browser Dark Mode" */;
			developmentRegion = en;
			hasScannedForEncodings = 0;
			knownRegions = (
				en,
				Base,
			);
			mainGroup = E7710A2530604672007CA3DE;
			minimizedProjectReferenceProxies = 1;
			preferredProjectObjectVersion = 77;
			productRefGroup = E7710A2F30604672007CA3DE /* Products */;
			projectDirPath = "";
			projectRoot = "";
			targets = (
				E7710A2D30604672007CA3DE /* Browser Dark Mode */,
				E7710A4830604673007CA3DE /* Browser Dark Mode Extension */,
			);
		};
/* End PBXProject section */

/* Begin PBXResourcesBuildPhase section */
		E7710A2C30604672007CA3DE /* Resources */ = {
			isa = PBXResourcesBuildPhase;
			files = (
				E7710A3830604672007CA3DE /* Icon.png in Resources */,
				E7710A4130604672007CA3DE /* Main.storyboard in Resources */,
				E7710A3C30604672007CA3DE /* Script.js in Resources */,
				E7710A3630604672007CA3DE /* Main.html in Resources */,
				E7710A4330604673007CA3DE /* Assets.xcassets in Resources */,
				E7710A3A30604672007CA3DE /* Style.css in Resources */,
			);
		};
		E7710A4730604673007CA3DE /* Resources */ = {
			isa = PBXResourcesBuildPhase;
			files = (
				E7710A6E30604673007CA3DE /* vendor in Resources */,
				E7710A6C30604673007CA3DE /* content.js in Resources */,
				E7710A6830604673007CA3DE /* detector.js in Resources */,
				E7710A6530604673007CA3DE /* proxy.js in Resources */,
				E7710A6730604673007CA3DE /* background.js in Resources */,
				E7710A6D30604673007CA3DE /* data in Resources */,
				E7710A6930604673007CA3DE /* icons in Resources */,
				E7710A6B30604673007CA3DE /* lib in Resources */,
				E7710A6A30604673007CA3DE /* manifest.json in Resources */,
				E7710A6630604673007CA3DE /* popup in Resources */,
			);
		};
/* End PBXResourcesBuildPhase section */

/* Begin PBXSourcesBuildPhase section */
		E7710A2A30604672007CA3DE /* Sources */ = {
			isa = PBXSourcesBuildPhase;
			files = (
				E7710A3E30604672007CA3DE /* ViewController.swift in Sources */,
				E7710A3230604672007CA3DE /* AppDelegate.swift in Sources */,
			);
		};
		E7710A4530604673007CA3DE /* Sources */ = {
			isa = PBXSourcesBuildPhase;
			files = (
				E7710A4F30604673007CA3DE /* SafariWebExtensionHandler.swift in Sources */,
			);
		};
/* End PBXSourcesBuildPhase section */

/* Begin PBXTargetDependency section */
		E7710A4C30604673007CA3DE /* PBXTargetDependency */ = {
			isa = PBXTargetDependency;
			target = E7710A4830604673007CA3DE /* Browser Dark Mode Extension */;
			targetProxy = E7710A4B30604673007CA3DE /* PBXContainerItemProxy */;
		};
/* End PBXTargetDependency section */

/* Begin PBXVariantGroup section */
		E7710A3430604672007CA3DE /* Main.html */ = {
			isa = PBXVariantGroup;
			children = (
				E7710A3530604672007CA3DE /* Base */,
			);
			name = Main.html;
			sourceTree = "<group>";
		};
		E7710A3F30604672007CA3DE /* Main.storyboard */ = {
			isa = PBXVariantGroup;
			children = (
				E7710A4030604672007CA3DE /* Base */,
			);
			name = Main.storyboard;
			sourceTree = "<group>";
		};
/* End PBXVariantGroup section */

/* Begin XCBuildConfiguration section */
		E7710A5130604673007CA3DE /* Debug configuration for PBXProject "Browser Dark Mode" */ = {
			isa = XCBuildConfiguration;
			buildSettings = {
				ALWAYS_SEARCH_USER_PATHS = NO;
				ASSETCATALOG_COMPILER_GENERATE_SWIFT_ASSET_SYMBOL_EXTENSIONS = YES;
				CLANG_ANALYZER_NONNULL = YES;
				CLANG_ANALYZER_NUMBER_OBJECT_CONVERSION = YES_AGGRESSIVE;
				CLANG_CXX_LANGUAGE_STANDARD = "gnu++20";
				CLANG_ENABLE_MODULES = YES;
				CLANG_ENABLE_OBJC_ARC = YES;
				CLANG_ENABLE_OBJC_WEAK = YES;
				CLANG_WARN_BLOCK_CAPTURE_AUTORELEASING = YES;
				CLANG_WARN_BOOL_CONVERSION = YES;
				CLANG_WARN_COMMA = YES;
				CLANG_WARN_CONSTANT_CONVERSION = YES;
				CLANG_WARN_DEPRECATED_OBJC_IMPLEMENTATIONS = YES;
				CLANG_WARN_DIRECT_OBJC_ISA_USAGE = YES_ERROR;
				CLANG_WARN_DOCUMENTATION_COMMENTS = YES;
				CLANG_WARN_EMPTY_BODY = YES;
				CLANG_WARN_ENUM_CONVERSION = YES;
				CLANG_WARN_INFINITE_RECURSION = YES;
				CLANG_WARN_INT_CONVERSION = YES;
				CLANG_WARN_NON_LITERAL_NULL_CONVERSION = YES;
				CLANG_WARN_OBJC_IMPLICIT_RETAIN_SELF = YES;
				CLANG_WARN_OBJC_LITERAL_CONVERSION = YES;
				CLANG_WARN_OBJC_ROOT_CLASS = YES_ERROR;
				CLANG_WARN_QUOTED_INCLUDE_IN_FRAMEWORK_HEADER = YES;
				CLANG_WARN_RANGE_LOOP_ANALYSIS = YES;
				CLANG_WARN_STRICT_PROTOTYPES = YES;
				CLANG_WARN_SUSPICIOUS_MOVE = YES;
				CLANG_WARN_UNGUARDED_AVAILABILITY = YES_AGGRESSIVE;
				CLANG_WARN_UNREACHABLE_CODE = YES;
				CLANG_WARN__DUPLICATE_METHOD_MATCH = YES;
				COPY_PHASE_STRIP = NO;
				DEBUG_INFORMATION_FORMAT = dwarf;
				ENABLE_STRICT_OBJC_MSGSEND = YES;
				ENABLE_TESTABILITY = YES;
				ENABLE_USER_SCRIPT_SANDBOXING = YES;
				GCC_C_LANGUAGE_STANDARD = gnu17;
				GCC_DYNAMIC_NO_PIC = NO;
				GCC_NO_COMMON_BLOCKS = YES;
				GCC_OPTIMIZATION_LEVEL = 0;
				GCC_PREPROCESSOR_DEFINITIONS = (
					"DEBUG=1",
					"$(inherited)",
				);
				GCC_WARN_64_TO_32_BIT_CONVERSION = YES;
				GCC_WARN_ABOUT_RETURN_TYPE = YES_ERROR;
				GCC_WARN_UNDECLARED_SELECTOR = YES;
				GCC_WARN_UNINITIALIZED_AUTOS = YES_AGGRESSIVE;
				GCC_WARN_UNUSED_FUNCTION = YES;
				GCC_WARN_UNUSED_VARIABLE = YES;
				LOCALIZATION_PREFERS_STRING_CATALOGS = YES;
				MACOSX_DEPLOYMENT_TARGET = 15.4;
				MTL_ENABLE_DEBUG_INFO = INCLUDE_SOURCE;
				MTL_FAST_MATH = YES;
				ONLY_ACTIVE_ARCH = YES;
				SDKROOT = macosx;
				SWIFT_ACTIVE_COMPILATION_CONDITIONS = "DEBUG $(inherited)";
				SWIFT_OPTIMIZATION_LEVEL = "-Onone";
			};
			name = Debug;
		};
		E7710A5230604673007CA3DE /* Release configuration for PBXProject "Browser Dark Mode" */ = {
			isa = XCBuildConfiguration;
			buildSettings = {
				ALWAYS_SEARCH_USER_PATHS = NO;
				ASSETCATALOG_COMPILER_GENERATE_SWIFT_ASSET_SYMBOL_EXTENSIONS = YES;
				CLANG_ANALYZER_NONNULL = YES;
				CLANG_ANALYZER_NUMBER_OBJECT_CONVERSION = YES_AGGRESSIVE;
				CLANG_CXX_LANGUAGE_STANDARD = "gnu++20";
				CLANG_ENABLE_MODULES = YES;
				CLANG_ENABLE_OBJC_ARC = YES;
				CLANG_ENABLE_OBJC_WEAK = YES;
				CLANG_WARN_BLOCK_CAPTURE_AUTORELEASING = YES;
				CLANG_WARN_BOOL_CONVERSION = YES;
				CLANG_WARN_COMMA = YES;
				CLANG_WARN_CONSTANT_CONVERSION = YES;
				CLANG_WARN_DEPRECATED_OBJC_IMPLEMENTATIONS = YES;
				CLANG_WARN_DIRECT_OBJC_ISA_USAGE = YES_ERROR;
				CLANG_WARN_DOCUMENTATION_COMMENTS = YES;
				CLANG_WARN_EMPTY_BODY = YES;
				CLANG_WARN_ENUM_CONVERSION = YES;
				CLANG_WARN_INFINITE_RECURSION = YES;
				CLANG_WARN_INT_CONVERSION = YES;
				CLANG_WARN_NON_LITERAL_NULL_CONVERSION = YES;
				CLANG_WARN_OBJC_IMPLICIT_RETAIN_SELF = YES;
				CLANG_WARN_OBJC_LITERAL_CONVERSION = YES;
				CLANG_WARN_OBJC_ROOT_CLASS = YES_ERROR;
				CLANG_WARN_QUOTED_INCLUDE_IN_FRAMEWORK_HEADER = YES;
				CLANG_WARN_RANGE_LOOP_ANALYSIS = YES;
				CLANG_WARN_STRICT_PROTOTYPES = YES;
				CLANG_WARN_SUSPICIOUS_MOVE = YES;
				CLANG_WARN_UNGUARDED_AVAILABILITY = YES_AGGRESSIVE;
				CLANG_WARN_UNREACHABLE_CODE = YES;
				CLANG_WARN__DUPLICATE_METHOD_MATCH = YES;
				COPY_PHASE_STRIP = NO;
				DEBUG_INFORMATION_FORMAT = "dwarf-with-dsym";
				ENABLE_NS_ASSERTIONS = NO;
				ENABLE_STRICT_OBJC_MSGSEND = YES;
				ENABLE_USER_SCRIPT_SANDBOXING = YES;
				GCC_C_LANGUAGE_STANDARD = gnu17;
				GCC_NO_COMMON_BLOCKS = YES;
				GCC_WARN_64_TO_32_BIT_CONVERSION = YES;
				GCC_WARN_ABOUT_RETURN_TYPE = YES_ERROR;
				GCC_WARN_UNDECLARED_SELECTOR = YES;
				GCC_WARN_UNINITIALIZED_AUTOS = YES_AGGRESSIVE;
				GCC_WARN_UNUSED_FUNCTION = YES;
				GCC_WARN_UNUSED_VARIABLE = YES;
				LOCALIZATION_PREFERS_STRING_CATALOGS = YES;
				MACOSX_DEPLOYMENT_TARGET = 15.4;
				MTL_ENABLE_DEBUG_INFO = NO;
				MTL_FAST_MATH = YES;
				SDKROOT = macosx;
				SWIFT_COMPILATION_MODE = wholemodule;
			};
			name = Release;
		};
		E7710A5430604673007CA3DE /* Debug configuration for PBXNativeTarget "Browser Dark Mode Extension" */ = {
			isa = XCBuildConfiguration;
			buildSettings = {
				CODE_SIGN_STYLE = Automatic;
				CURRENT_PROJECT_VERSION = 1;
				ENABLE_APP_SANDBOX = YES;
				ENABLE_HARDENED_RUNTIME = YES;
				ENABLE_USER_SELECTED_FILES = readonly;
				GENERATE_INFOPLIST_FILE = YES;
				INFOPLIST_FILE = "Browser Dark Mode Extension/Info.plist";
				INFOPLIST_KEY_CFBundleDisplayName = "Browser Dark Mode Extension";
				INFOPLIST_KEY_NSHumanReadableCopyright = "";
				LD_RUNPATH_SEARCH_PATHS = (
					"$(inherited)",
					"@executable_path/../Frameworks",
					"@executable_path/../../../../Frameworks",
				);
				MACOSX_DEPLOYMENT_TARGET = 15.4;
				MARKETING_VERSION = 1.0;
				OTHER_LDFLAGS = (
					"-framework",
					SafariServices,
				);
				PRODUCT_BUNDLE_IDENTIFIER = "com.vladimir.browser-dark-mode.Extension";
				PRODUCT_NAME = "$(TARGET_NAME)";
				SKIP_INSTALL = YES;
				STRING_CATALOG_GENERATE_SYMBOLS = YES;
				SWIFT_APPROACHABLE_CONCURRENCY = YES;
				SWIFT_EMIT_LOC_STRINGS = YES;
				SWIFT_UPCOMING_FEATURE_MEMBER_IMPORT_VISIBILITY = YES;
				SWIFT_VERSION = 5.0;
			};
			name = Debug;
		};
		E7710A5530604673007CA3DE /* Release configuration for PBXNativeTarget "Browser Dark Mode Extension" */ = {
			isa = XCBuildConfiguration;
			buildSettings = {
				CODE_SIGN_STYLE = Automatic;
				CURRENT_PROJECT_VERSION = 1;
				ENABLE_APP_SANDBOX = YES;
				ENABLE_HARDENED_RUNTIME = YES;
				ENABLE_USER_SELECTED_FILES = readonly;
				GENERATE_INFOPLIST_FILE = YES;
				INFOPLIST_FILE = "Browser Dark Mode Extension/Info.plist";
				INFOPLIST_KEY_CFBundleDisplayName = "Browser Dark Mode Extension";
				INFOPLIST_KEY_NSHumanReadableCopyright = "";
				LD_RUNPATH_SEARCH_PATHS = (
					"$(inherited)",
					"@executable_path/../Frameworks",
					"@executable_path/../../../../Frameworks",
				);
				MACOSX_DEPLOYMENT_TARGET = 15.4;
				MARKETING_VERSION = 1.0;
				OTHER_LDFLAGS = (
					"-framework",
					SafariServices,
				);
				PRODUCT_BUNDLE_IDENTIFIER = "com.vladimir.browser-dark-mode.Extension";
				PRODUCT_NAME = "$(TARGET_NAME)";
				SKIP_INSTALL = YES;
				STRING_CATALOG_GENERATE_SYMBOLS = YES;
				SWIFT_APPROACHABLE_CONCURRENCY = YES;
				SWIFT_EMIT_LOC_STRINGS = YES;
				SWIFT_UPCOMING_FEATURE_MEMBER_IMPORT_VISIBILITY = YES;
				SWIFT_VERSION = 5.0;
			};
			name = Release;
		};
		E7710A5830604673007CA3DE /* Debug configuration for PBXNativeTarget "Browser Dark Mode" */ = {
			isa = XCBuildConfiguration;
			buildSettings = {
				ASSETCATALOG_COMPILER_APPICON_NAME = AppIcon;
				ASSETCATALOG_COMPILER_GLOBAL_ACCENT_COLOR_NAME = AccentColor;
				CODE_SIGN_STYLE = Automatic;
				COMBINE_HIDPI_IMAGES = YES;
				CURRENT_PROJECT_VERSION = 1;
				ENABLE_APP_SANDBOX = YES;
				ENABLE_HARDENED_RUNTIME = YES;
				ENABLE_OUTGOING_NETWORK_CONNECTIONS = YES;
				ENABLE_USER_SELECTED_FILES = readonly;
				GENERATE_INFOPLIST_FILE = YES;
				INFOPLIST_FILE = "Browser Dark Mode/Info.plist";
				INFOPLIST_KEY_CFBundleDisplayName = "Browser Dark Mode";
				INFOPLIST_KEY_NSHumanReadableCopyright = "";
				INFOPLIST_KEY_NSMainStoryboardFile = Main;
				INFOPLIST_KEY_NSPrincipalClass = NSApplication;
				INFOPLIST_KEY_NSViewGestureRecognizerIsExclusive = NO;
				LD_RUNPATH_SEARCH_PATHS = (
					"$(inherited)",
					"@executable_path/../Frameworks",
				);
				MARKETING_VERSION = 1.0;
				OTHER_LDFLAGS = (
					"-framework",
					SafariServices,
					"-framework",
					WebKit,
				);
				PRODUCT_BUNDLE_IDENTIFIER = "com.vladimir.browser-dark-mode";
				PRODUCT_NAME = "$(TARGET_NAME)";
				REGISTER_APP_GROUPS = YES;
				STRING_CATALOG_GENERATE_SYMBOLS = YES;
				SWIFT_APPROACHABLE_CONCURRENCY = YES;
				SWIFT_DEFAULT_ACTOR_ISOLATION = MainActor;
				SWIFT_EMIT_LOC_STRINGS = YES;
				SWIFT_UPCOMING_FEATURE_MEMBER_IMPORT_VISIBILITY = YES;
				SWIFT_VERSION = 5.0;
			};
			name = Debug;
		};
		E7710A5930604673007CA3DE /* Release configuration for PBXNativeTarget "Browser Dark Mode" */ = {
			isa = XCBuildConfiguration;
			buildSettings = {
				ASSETCATALOG_COMPILER_APPICON_NAME = AppIcon;
				ASSETCATALOG_COMPILER_GLOBAL_ACCENT_COLOR_NAME = AccentColor;
				CODE_SIGN_STYLE = Automatic;
				COMBINE_HIDPI_IMAGES = YES;
				CURRENT_PROJECT_VERSION = 1;
				ENABLE_APP_SANDBOX = YES;
				ENABLE_HARDENED_RUNTIME = YES;
				ENABLE_OUTGOING_NETWORK_CONNECTIONS = YES;
				ENABLE_USER_SELECTED_FILES = readonly;
				GENERATE_INFOPLIST_FILE = YES;
				INFOPLIST_FILE = "Browser Dark Mode/Info.plist";
				INFOPLIST_KEY_CFBundleDisplayName = "Browser Dark Mode";
				INFOPLIST_KEY_NSHumanReadableCopyright = "";
				INFOPLIST_KEY_NSMainStoryboardFile = Main;
				INFOPLIST_KEY_NSPrincipalClass = NSApplication;
				INFOPLIST_KEY_NSViewGestureRecognizerIsExclusive = NO;
				LD_RUNPATH_SEARCH_PATHS = (
					"$(inherited)",
					"@executable_path/../Frameworks",
				);
				MARKETING_VERSION = 1.0;
				OTHER_LDFLAGS = (
					"-framework",
					SafariServices,
					"-framework",
					WebKit,
				);
				PRODUCT_BUNDLE_IDENTIFIER = "com.vladimir.browser-dark-mode";
				PRODUCT_NAME = "$(TARGET_NAME)";
				REGISTER_APP_GROUPS = YES;
				STRING_CATALOG_GENERATE_SYMBOLS = YES;
				SWIFT_APPROACHABLE_CONCURRENCY = YES;
				SWIFT_DEFAULT_ACTOR_ISOLATION = MainActor;
				SWIFT_EMIT_LOC_STRINGS = YES;
				SWIFT_UPCOMING_FEATURE_MEMBER_IMPORT_VISIBILITY = YES;
				SWIFT_VERSION = 5.0;
			};
			name = Release;
		};
/* End XCBuildConfiguration section */

/* Begin XCConfigurationList section */
		E7710A2930604672007CA3DE /* Build configuration list for PBXProject "Browser Dark Mode" */ = {
			isa = XCConfigurationList;
			buildConfigurations = (
				E7710A5130604673007CA3DE /* Debug configuration for PBXProject "Browser Dark Mode" */,
				E7710A5230604673007CA3DE /* Release configuration for PBXProject "Browser Dark Mode" */,
			);
			defaultConfigurationName = Release;
		};
		E7710A5330604673007CA3DE /* Build configuration list for PBXNativeTarget "Browser Dark Mode Extension" */ = {
			isa = XCConfigurationList;
			buildConfigurations = (
				E7710A5430604673007CA3DE /* Debug configuration for PBXNativeTarget "Browser Dark Mode Extension" */,
				E7710A5530604673007CA3DE /* Release configuration for PBXNativeTarget "Browser Dark Mode Extension" */,
			);
			defaultConfigurationName = Release;
		};
		E7710A5730604673007CA3DE /* Build configuration list for PBXNativeTarget "Browser Dark Mode" */ = {
			isa = XCConfigurationList;
			buildConfigurations = (
				E7710A5830604673007CA3DE /* Debug configuration for PBXNativeTarget "Browser Dark Mode" */,
				E7710A5930604673007CA3DE /* Release configuration for PBXNativeTarget "Browser Dark Mode" */,
			);
			defaultConfigurationName = Release;
		};
/* End XCConfigurationList section */
	};
	rootObject = E7710A2630604672007CA3DE /* Project object */;
	validationLevel = 1;
}
